{
  "name": "capstone-tests",
  "lockfileVersion": 3,
  "requires": true,
  "packages": {
    "": {
      "dependencies": {
        "codemirror": "file:5.65.15/theme/argonaut.css"
      }
    },
    "5.65.15/theme/argonaut.css": {},
    "node_modules/codemirror": {
      "resolved": "5.65.15/theme/argonaut.css",
      "link": true
    }
  }
}
